PODS:
  - Appodeal/AmazonAdsAdapter (2.1.6):
    - Appodeal/Core
  - Appodeal/Banner (2.1.6):
    - Appodeal/AmazonAdsAdapter
    - Appodeal/FacebookAudienceAdapter
    - Appodeal/GoogleAdMobAdapter
    - Appodeal/InMobiAdapter
    - Appodeal/MyTargetAdapter
    - Appodeal/StartAppAdapter
    - Appodeal/TwitterMoPubAdapter
    - Appodeal/YandexAdapter
    - Appodeal/ZPlayAdapter
  - Appodeal/Core (2.1.6)
  - Appodeal/FacebookAudienceAdapter (2.1.6):
    - Appodeal/Core
  - Appodeal/GoogleAdMobAdapter (2.1.6):
    - Appodeal/Core
  - Appodeal/InMobiAdapter (2.1.6):
    - Appodeal/Core
  - Appodeal/MyTargetAdapter (2.1.6):
    - Appodeal/Core
  - Appodeal/StartAppAdapter (2.1.6):
    - Appodeal/Core
  - Appodeal/TwitterMoPubAdapter (2.1.6):
    - Appodeal/Core
  - Appodeal/YandexAdapter (2.1.6):
    - Appodeal/Core
  - Appodeal/ZPlayAdapter (2.1.6):
    - Appodeal/Core

DEPENDENCIES:
  - Appodeal/Banner

SPEC CHECKSUMS:
  Appodeal: a2d6f010c037b78bdd10d1bafc4572951302eb2d

PODFILE CHECKSUM: 0079f37febd12410f18c7f7ee76651e133adb490

COCOAPODS: 1.2.0
