PODS:
  - Appodeal/AmazonAdsAdapter (2.1.10):
    - Appodeal/Core
  - Appodeal/AppLovinAdapter (2.1.10):
    - Appodeal/Core
  - Appodeal/Banner (2.1.10):
    - Appodeal/AmazonAdsAdapter
    - Appodeal/AppLovinAdapter
    - Appodeal/FacebookAudienceAdapter
    - Appodeal/GoogleAdMobAdapter
    - Appodeal/InMobiAdapter
    - Appodeal/MyTargetAdapter
    - Appodeal/StartAppAdapter
    - Appodeal/TwitterMoPubAdapter
    - Appodeal/YandexAdapter
  - Appodeal/Core (2.1.10)
  - Appodeal/FacebookAudienceAdapter (2.1.10):
    - Appodeal/Core
  - Appodeal/GoogleAdMobAdapter (2.1.10):
    - Appodeal/Core
  - Appodeal/InMobiAdapter (2.1.10):
    - Appodeal/Core
  - Appodeal/MyTargetAdapter (2.1.10):
    - Appodeal/Core
  - Appodeal/StartAppAdapter (2.1.10):
    - Appodeal/Core
  - Appodeal/TwitterMoPubAdapter (2.1.10):
    - Appodeal/Core
  - Appodeal/YandexAdapter (2.1.10):
    - Appodeal/Core

DEPENDENCIES:
  - Appodeal/Banner

SPEC CHECKSUMS:
  Appodeal: 7a673fa56c4493b0120040d0f86a636adeb39e27

PODFILE CHECKSUM: cdc3f7eeec3182d623d9f288d5b6781028f289a7

COCOAPODS: 1.4.0
