PODS:
  - Appodeal/AmazonAdsAdapter (1.3.3):
    - Appodeal/Core
  - Appodeal/Banner (1.3.3):
    - Appodeal/AmazonAdsAdapter
    - Appodeal/FacebookAudienceAdapter
    - Appodeal/GoogleAdMobAdapter
    - Appodeal/InMobyAdapter
    - Appodeal/MyTargetAdapter
    - Appodeal/StartAppAdapter
    - Appodeal/TwitterMoPubAdapter
    - Appodeal/YandexAdapter
  - Appodeal/Core (1.3.3)
  - Appodeal/FacebookAudienceAdapter (1.3.3):
    - Appodeal/Core
  - Appodeal/GoogleAdMobAdapter (1.3.3):
    - Appodeal/Core
  - Appodeal/InMobyAdapter (1.3.3):
    - Appodeal/Core
  - Appodeal/MyTargetAdapter (1.3.3):
    - Appodeal/Core
  - Appodeal/StartAppAdapter (1.3.3):
    - Appodeal/Core
  - Appodeal/TwitterMoPubAdapter (1.3.3):
    - Appodeal/Core
  - Appodeal/YandexAdapter (1.3.3):
    - Appodeal/Core

DEPENDENCIES:
  - Appodeal/Banner (= 1.3.3)

SPEC CHECKSUMS:
  Appodeal: ddd2de0a78d1bb0cd7d8994d901b00e55c6f5529

PODFILE CHECKSUM: b3143ca8bf724202cfafcf6f2f43aa0255c6d600

COCOAPODS: 1.0.1
